// !$*UTF8*$!
{
	archiveVersion = 1;
	classes = {
	};
	objectVersion = 46;
	objects = {

/* Begin PBXBuildFile section */
		CECF1FE119F467BD00B00F96 /* AppDelegate.swift in Sources */ = {isa = PBXBuildFile; fileRef = CECF1FE019F467BD00B00F96 /* AppDelegate.swift */; };
		CECF1FE319F467BD00B00F96 /* ViewController.swift in Sources */ = {isa = PBXBuildFile; fileRef = CECF1FE219F467BD00B00F96 /* ViewController.swift */; };
		CECF1FE619F467BD00B00F96 /* Main.storyboard in Resources */ = {isa = PBXBuildFile; fileRef = CECF1FE419F467BD00B00F96 /* Main.storyboard */; };
		CECF1FE819F467BD00B00F96 /* Images.xcassets in Resources */ = {isa = PBXBuildFile; fileRef = CECF1FE719F467BD00B00F96 /* Images.xcassets */; };
		CECF1FEB19F467BD00B00F96 /* LaunchScreen.xib in Resources */ = {isa = PBXBuildFile; fileRef = CECF1FE919F467BD00B00F96 /* LaunchScreen.xib */; };
		CECF1FF719F467BD00B00F96 /* PostcardTests.swift in Sources */ = {isa = PBXBuildFile; fileRef = CECF1FF619F467BD00B00F96 /* PostcardTests.swift */; };
		CECF200119F4758E00B00F96 /* SagradaFamilia.jpeg in Resources */ = {isa = PBXBuildFile; fileRef = CECF200019F4758E00B00F96 /* SagradaFamilia.jpeg */; };
		CECF200319F47AB900B00F96 /* AlbertEinsteinStamp.jpg in Resources */ = {isa = PBXBuildFile; fileRef = CECF200219F47AB900B00F96 /* AlbertEinsteinStamp.jpg */; };
/* End PBXBuildFile section */

/* Begin PBXContainerItemProxy section */
		CECF1FF119F467BD00B00F96 /* PBXContainerItemProxy */ = {
			isa = PBXContainerItemProxy;
			containerPortal = CECF1FD319F467BD00B00F96 /* Project object */;
			proxyType = 1;
			remoteGlobalIDString = CECF1FDA19F467BD00B00F96;
			remoteInfo = Postcard;
		};
/* End PBXContainerItemProxy section */

/* Begin PBXFileReference section */
		CECF1FDB19F467BD00B00F96 /* Postcard.app */ = {isa = PBXFileReference; explicitFileType = wrapper.application; includeInIndex = 0; path = Postcard.app; sourceTree = BUILT_PRODUCTS_DIR; };
		CECF1FDF19F467BD00B00F96 /* Info.plist */ = {isa = PBXFileReference; lastKnownFileType = text.plist.xml; path = Info.plist; sourceTree = "<group>"; };
		CECF1FE019F467BD00B00F96 /* AppDelegate.swift */ = {isa = PBXFileReference; lastKnownFileType = sourcecode.swift; path = AppDelegate.swift; sourceTree = "<group>"; };
		CECF1FE219F467BD00B00F96 /* ViewController.swift */ = {isa = PBXFileReference; lastKnownFileType = sourcecode.swift; path = ViewController.swift; sourceTree = "<group>"; };
		CECF1FE519F467BD00B00F96 /* Base */ = {isa = PBXFileReference; lastKnownFileType = file.storyboard; name = Base; path = Base.lproj/Main.storyboard; sourceTree = "<group>"; };
		CECF1FE719F467BD00B00F96 /* Images.xcassets */ = {isa = PBXFileReference; lastKnownFileType = folder.assetcatalog; path = Images.xcassets; sourceTree = "<group>"; };
		CECF1FEA19F467BD00B00F96 /* Base */ = {isa = PBXFileReference; lastKnownFileType = file.xib; name = Base; path = Base.lproj/LaunchScreen.xib; sourceTree = "<group>"; };
		CECF1FF019F467BD00B00F96 /* PostcardTests.xctest */ = {isa = PBXFileReference; explicitFileType = wrapper.cfbundle; includeInIndex = 0; path = PostcardTests.xctest; sourceTree = BUILT_PRODUCTS_DIR; };
		CECF1FF519F467BD00B00F96 /* Info.plist */ = {isa = PBXFileReference; lastKnownFileType = text.plist.xml; path = Info.plist; sourceTree = "<group>"; };
		CECF1FF619F467BD00B00F96 /* PostcardTests.swift */ = {isa = PBXFileReference; lastKnownFileType = sourcecode.swift; path = PostcardTests.swift; sourceTree = "<group>"; };
		CECF200019F4758E00B00F96 /* SagradaFamilia.jpeg */ = {isa = PBXFileReference; lastKnownFileType = image.jpeg; path = SagradaFamilia.jpeg; sourceTree = "<group>"; };
		CECF200219F47AB900B00F96 /* AlbertEinsteinStamp.jpg */ = {isa = PBXFileReference; lastKnownFileType = image.jpeg; path = AlbertEinsteinStamp.jpg; sourceTree = "<group>"; };
/* End PBXFileReference section */

/* Begin PBXFrameworksBuildPhase section */
		CECF1FD819F467BD00B00F96 /* Frameworks */ = {
			isa = PBXFrameworksBuildPhase;
			buildActionMask = 2147483647;
			files = (
			);
			runOnlyForDeploymentPostprocessing = 0;
		};
		CECF1FED19F467BD00B00F96 /* Frameworks */ = {
			isa = PBXFrameworksBuildPhase;
			buildActionMask = 2147483647;
			files = (
			);
			runOnlyForDeploymentPostprocessing = 0;
		};
/* End PBXFrameworksBuildPhase section */

/* Begin PBXGroup section */
		CECF1FD219F467BD00B00F96 = {
			isa = PBXGroup;
			children = (
				CECF1FDD19F467BD00B00F96 /* Postcard */,
				CECF1FF319F467BD00B00F96 /* PostcardTests */,
				CECF1FDC19F467BD00B00F96 /* Products */,
			);
			sourceTree = "<group>";
		};
		CECF1FDC19F467BD00B00F96 /* Products */ = {
			isa = PBXGroup;
			children = (
				CECF1FDB19F467BD00B00F96 /* Postcard.app */,
				CECF1FF019F467BD00B00F96 /* PostcardTests.xctest */,
			);
			name = Products;
			sourceTree = "<group>";
		};
		CECF1FDD19F467BD00B00F96 /* Postcard */ = {
			isa = PBXGroup;
			children = (
				CECF1FE019F467BD00B00F96 /* AppDelegate.swift */,
				CECF1FE219F467BD00B00F96 /* ViewController.swift */,
				CECF1FE419F467BD00B00F96 /* Main.storyboard */,
				CECF1FE719F467BD00B00F96 /* Images.xcassets */,
				CECF1FE919F467BD00B00F96 /* LaunchScreen.xib */,
				CECF1FDE19F467BD00B00F96 /* Supporting Files */,
			);
			path = Postcard;
			sourceTree = "<group>";
		};
		CECF1FDE19F467BD00B00F96 /* Supporting Files */ = {
			isa = PBXGroup;
			children = (
				CECF200219F47AB900B00F96 /* AlbertEinsteinStamp.jpg */,
				CECF200019F4758E00B00F96 /* SagradaFamilia.jpeg */,
				CECF1FDF19F467BD00B00F96 /* Info.plist */,
			);
			name = "Supporting Files";
			sourceTree = "<group>";
		};
		CECF1FF319F467BD00B00F96 /* PostcardTests */ = {
			isa = PBXGroup;
			children = (
				CECF1FF619F467BD00B00F96 /* PostcardTests.swift */,
				CECF1FF419F467BD00B00F96 /* Supporting Files */,
			);
			path = PostcardTests;
			sourceTree = "<group>";
		};
		CECF1FF419F467BD00B00F96 /* Supporting Files */ = {
			isa = PBXGroup;
			children = (
				CECF1FF519F467BD00B00F96 /* Info.plist */,
			);
			name = "Supporting Files";
			sourceTree = "<group>";
		};
/* End PBXGroup section */

/* Begin PBXNativeTarget section */
		CECF1FDA19F467BD00B00F96 /* Postcard */ = {
			isa = PBXNativeTarget;
			buildConfigurationList = CECF1FFA19F467BD00B00F96 /* Build configuration list for PBXNativeTarget "Postcard" */;
			buildPhases = (
				CECF1FD719F467BD00B00F96 /* Sources */,
				CECF1FD819F467BD00B00F96 /* Frameworks */,
				CECF1FD919F467BD00B00F96 /* Resources */,
			);
			buildRules = (
			);
			dependencies = (
			);
			name = Postcard;
			productName = Postcard;
			productReference = CECF1FDB19F467BD00B00F96 /* Postcard.app */;
			productType = "com.apple.product-type.application";
		};
		CECF1FEF19F467BD00B00F96 /* PostcardTests */ = {
			isa = PBXNativeTarget;
			buildConfigurationList = CECF1FFD19F467BD00B00F96 /* Build configuration list for PBXNativeTarget "PostcardTests" */;
			buildPhases = (
				CECF1FEC19F467BD00B00F96 /* Sources */,
				CECF1FED19F467BD00B00F96 /* Frameworks */,
				CECF1FEE19F467BD00B00F96 /* Resources */,
			);
			buildRules = (
			);
			dependencies = (
				CECF1FF219F467BD00B00F96 /* PBXTargetDependency */,
			);
			name = PostcardTests;
			productName = PostcardTests;
			productReference = CECF1FF019F467BD00B00F96 /* PostcardTests.xctest */;
			productType = "com.apple.product-type.bundle.unit-test";
		};
/* End PBXNativeTarget section */

/* Begin PBXProject section */
		CECF1FD319F467BD00B00F96 /* Project object */ = {
			isa = PBXProject;
			attributes = {
				LastUpgradeCheck = 0600;
				ORGANIZATIONNAME = "Mike Music";
				TargetAttributes = {
					CECF1FDA19F467BD00B00F96 = {
						CreatedOnToolsVersion = 6.0.1;
					};
					CECF1FEF19F467BD00B00F96 = {
						CreatedOnToolsVersion = 6.0.1;
						TestTargetID = CECF1FDA19F467BD00B00F96;
					};
				};
			};
			buildConfigurationList = CECF1FD619F467BD00B00F96 /* Build configuration list for PBXProject "Postcard" */;
			compatibilityVersion = "Xcode 3.2";
			developmentRegion = English;
			hasScannedForEncodings = 0;
			knownRegions = (
				en,
				Base,
			);
			mainGroup = CECF1FD219F467BD00B00F96;
			productRefGroup = CECF1FDC19F467BD00B00F96 /* Products */;
			projectDirPath = "";
			projectRoot = "";
			targets = (
				CECF1FDA19F467BD00B00F96 /* Postcard */,
				CECF1FEF19F467BD00B00F96 /* PostcardTests */,
			);
		};
/* End PBXProject section */

/* Begin PBXResourcesBuildPhase section */
		CECF1FD919F467BD00B00F96 /* Resources */ = {
			isa = PBXResourcesBuildPhase;
			buildActionMask = 2147483647;
			files = (
				CECF1FE619F467BD00B00F96 /* Main.storyboard in Resources */,
				CECF200119F4758E00B00F96 /* SagradaFamilia.jpeg in Resources */,
				CECF200319F47AB900B00F96 /* AlbertEinsteinStamp.jpg in Resources */,
				CECF1FEB19F467BD00B00F96 /* LaunchScreen.xib in Resources */,
				CECF1FE819F467BD00B00F96 /* Images.xcassets in Resources */,
			);
			runOnlyForDeploymentPostprocessing = 0;
		};
		CECF1FEE19F467BD00B00F96 /* Resources */ = {
			isa = PBXResourcesBuildPhase;
			buildActionMask = 2147483647;
			files = (
			);
			runOnlyForDeploymentPostprocessing = 0;
		};
/* End PBXResourcesBuildPhase section */

/* Begin PBXSourcesBuildPhase section */
		CECF1FD719F467BD00B00F96 /* Sources */ = {
			isa = PBXSourcesBuildPhase;
			buildActionMask = 2147483647;
			files = (
				CECF1FE319F467BD00B00F96 /* ViewController.swift in Sources */,
				CECF1FE119F467BD00B00F96 /* AppDelegate.swift in Sources */,
			);
			runOnlyForDeploymentPostprocessing = 0;
		};
		CECF1FEC19F467BD00B00F96 /* Sources */ = {
			isa = PBXSourcesBuildPhase;
			buildActionMask = 2147483647;
			files = (
				CECF1FF719F467BD00B00F96 /* PostcardTests.swift in Sources */,
			);
			runOnlyForDeploymentPostprocessing = 0;
		};
/* End PBXSourcesBuildPhase section */

/* Begin PBXTargetDependency section */
		CECF1FF219F467BD00B00F96 /* PBXTargetDependency */ = {
			isa = PBXTargetDependency;
			target = CECF1FDA19F467BD00B00F96 /* Postcard */;
			targetProxy = CECF1FF119F467BD00B00F96 /* PBXContainerItemProxy */;
		};
/* End PBXTargetDependency section */

/* Begin PBXVariantGroup section */
		CECF1FE419F467BD00B00F96 /* Main.storyboard */ = {
			isa = PBXVariantGroup;
			children = (
				CECF1FE519F467BD00B00F96 /* Base */,
			);
			name = Main.storyboard;
			sourceTree = "<group>";
		};
		CECF1FE919F467BD00B00F96 /* LaunchScreen.xib */ = {
			isa = PBXVariantGroup;
			children = (
				CECF1FEA19F467BD00B00F96 /* Base */,
			);
			name = LaunchScreen.xib;
			sourceTree = "<group>";
		};
/* End PBXVariantGroup section */

/* Begin XCBuildConfiguration section */
		CECF1FF819F467BD00B00F96 /* Debug */ = {
			isa = XCBuildConfiguration;
			buildSettings = {
				ALWAYS_SEARCH_USER_PATHS = NO;
				CLANG_CXX_LANGUAGE_STANDARD = "gnu++0x";
				CLANG_CXX_LIBRARY = "libc++";
				CLANG_ENABLE_MODULES = YES;
				CLANG_ENABLE_OBJC_ARC = YES;
				CLANG_WARN_BOOL_CONVERSION = YES;
				CLANG_WARN_CONSTANT_CONVERSION = YES;
				CLANG_WARN_DIRECT_OBJC_ISA_USAGE = YES_ERROR;
				CLANG_WARN_EMPTY_BODY = YES;
				CLANG_WARN_ENUM_CONVERSION = YES;
				CLANG_WARN_INT_CONVERSION = YES;
				CLANG_WARN_OBJC_ROOT_CLASS = YES_ERROR;
				CLANG_WARN_UNREACHABLE_CODE = YES;
				CLANG_WARN__DUPLICATE_METHOD_MATCH = YES;
				"CODE_SIGN_IDENTITY[sdk=iphoneos*]" = "iPhone Developer";
				COPY_PHASE_STRIP = NO;
				ENABLE_STRICT_OBJC_MSGSEND = YES;
				GCC_C_LANGUAGE_STANDARD = gnu99;
				GCC_DYNAMIC_NO_PIC = NO;
				GCC_OPTIMIZATION_LEVEL = 0;
				GCC_PREPROCESSOR_DEFINITIONS = (
					"DEBUG=1",
					"$(inherited)",
				);
				GCC_SYMBOLS_PRIVATE_EXTERN = NO;
				GCC_WARN_64_TO_32_BIT_CONVERSION = YES;
				GCC_WARN_ABOUT_RETURN_TYPE = YES_ERROR;
				GCC_WARN_UNDECLARED_SELECTOR = YES;
				GCC_WARN_UNINITIALIZED_AUTOS = YES_AGGRESSIVE;
				GCC_WARN_UNUSED_FUNCTION = YES;
				GCC_WARN_UNUSED_VARIABLE = YES;
				IPHONEOS_DEPLOYMENT_TARGET = 8.0;
				MTL_ENABLE_DEBUG_INFO = YES;
				ONLY_ACTIVE_ARCH = YES;
				SDKROOT = iphoneos;
				SWIFT_OPTIMIZATION_LEVEL = "-Onone";
				TARGETED_DEVICE_FAMILY = "1,2";
			};
			name = Debug;
		};
		CECF1FF919F467BD00B00F96 /* Release */ = {
			isa = XCBuildConfiguration;
			buildSettings = {
				ALWAYS_SEARCH_USER_PATHS = NO;
				CLANG_CXX_LANGUAGE_STANDARD = "gnu++0x";
				CLANG_CXX_LIBRARY = "libc++";
				CLANG_ENABLE_MODULES = YES;
				CLANG_ENABLE_OBJC_ARC = YES;
				CLANG_WARN_BOOL_CONVERSION = YES;
				CLANG_WARN_CONSTANT_CONVERSION = YES;
				CLANG_WARN_DIRECT_OBJC_ISA_USAGE = YES_ERROR;
				CLANG_WARN_EMPTY_BODY = YES;
				CLANG_WARN_ENUM_CONVERSION = YES;
				CLANG_WARN_INT_CONVERSION = YES;
				CLANG_WARN_OBJC_ROOT_CLASS = YES_ERROR;
				CLANG_WARN_UNREACHABLE_CODE = YES;
				CLANG_WARN__DUPLICATE_METHOD_MATCH = YES;
				"CODE_SIGN_IDENTITY[sdk=iphoneos*]" = "iPhone Developer";
				COPY_PHASE_STRIP = YES;
				ENABLE_NS_ASSERTIONS = NO;
				ENABLE_STRICT_OBJC_MSGSEND = YES;
				GCC_C_LANGUAGE_STANDARD = gnu99;
				GCC_WARN_64_TO_32_BIT_CONVERSION = YES;
				GCC_WARN_ABOUT_RETURN_TYPE = YES_ERROR;
				GCC_WARN_UNDECLARED_SELECTOR = YES;
				GCC_WARN_UNINITIALIZED_AUTOS = YES_AGGRESSIVE;
				GCC_WARN_UNUSED_FUNCTION = YES;
				GCC_WARN_UNUSED_VARIABLE = YES;
				IPHONEOS_DEPLOYMENT_TARGET = 8.0;
				MTL_ENABLE_DEBUG_INFO = NO;
				SDKROOT = iphoneos;
				TARGETED_DEVICE_FAMILY = "1,2";
				VALIDATE_PRODUCT = YES;
			};
			name = Release;
		};
		CECF1FFB19F467BD00B00F96 /* Debug */ = {
			isa = XCBuildConfiguration;
			buildSettings = {
				ASSETCATALOG_COMPILER_APPICON_NAME = AppIcon;
				INFOPLIST_FILE = Postcard/Info.plist;
				LD_RUNPATH_SEARCH_PATHS = "$(inherited) @executable_path/Frameworks";
				PRODUCT_NAME = "$(TARGET_NAME)";
			};
			name = Debug;
		};
		CECF1FFC19F467BD00B00F96 /* Release */ = {
			isa = XCBuildConfiguration;
			buildSettings = {
				ASSETCATALOG_COMPILER_APPICON_NAME = AppIcon;
				INFOPLIST_FILE = Postcard/Info.plist;
				LD_RUNPATH_SEARCH_PATHS = "$(inherited) @executable_path/Frameworks";
				PRODUCT_NAME = "$(TARGET_NAME)";
			};
			name = Release;
		};
		CECF1FFE19F467BD00B00F96 /* Debug */ = {
			isa = XCBuildConfiguration;
			buildSettings = {
				BUNDLE_LOADER = "$(TEST_HOST)";
				FRAMEWORK_SEARCH_PATHS = (
					"$(SDKROOT)/Developer/Library/Frameworks",
					"$(inherited)",
				);
				GCC_PREPROCESSOR_DEFINITIONS = (
					"DEBUG=1",
					"$(inherited)",
				);
				INFOPLIST_FILE = PostcardTests/Info.plist;
				LD_RUNPATH_SEARCH_PATHS = "$(inherited) @executable_path/Frameworks @loader_path/Frameworks";
				PRODUCT_NAME = "$(TARGET_NAME)";
				TEST_HOST = "$(BUILT_PRODUCTS_DIR)/Postcard.app/Postcard";
			};
			name = Debug;
		};
		CECF1FFF19F467BD00B00F96 /* Release */ = {
			isa = XCBuildConfiguration;
			buildSettings = {
				BUNDLE_LOADER = "$(TEST_HOST)";
				FRAMEWORK_SEARCH_PATHS = (
					"$(SDKROOT)/Developer/Library/Frameworks",
					"$(inherited)",
				);
				INFOPLIST_FILE = PostcardTests/Info.plist;
				LD_RUNPATH_SEARCH_PATHS = "$(inherited) @executable_path/Frameworks @loader_path/Frameworks";
				PRODUCT_NAME = "$(TARGET_NAME)";
				TEST_HOST = "$(BUILT_PRODUCTS_DIR)/Postcard.app/Postcard";
			};
			name = Release;
		};
/* End XCBuildConfiguration section */

/* Begin XCConfigurationList section */
		CECF1FD619F467BD00B00F96 /* Build configuration list for PBXProject "Postcard" */ = {
			isa = XCConfigurationList;
			buildConfigurations = (
				CECF1FF819F467BD00B00F96 /* Debug */,
				CECF1FF919F467BD00B00F96 /* Release */,
			);
			defaultConfigurationIsVisible = 0;
			defaultConfigurationName = Release;
		};
		CECF1FFA19F467BD00B00F96 /* Build configuration list for PBXNativeTarget "Postcard" */ = {
			isa = XCConfigurationList;
			buildConfigurations = (
				CECF1FFB19F467BD00B00F96 /* Debug */,
				CECF1FFC19F467BD00B00F96 /* Release */,
			);
			defaultConfigurationIsVisible = 0;
		};
		CECF1FFD19F467BD00B00F96 /* Build configuration list for PBXNativeTarget "PostcardTests" */ = {
			isa = XCConfigurationList;
			buildConfigurations = (
				CECF1FFE19F467BD00B00F96 /* Debug */,
				CECF1FFF19F467BD00B00F96 /* Release */,
			);
			defaultConfigurationIsVisible = 0;
		};
/* End XCConfigurationList section */
	};
	rootObject = CECF1FD319F467BD00B00F96 /* Project object */;
}
